
Microsoft Visual Studio Solution File, Format Version 12.00
# Visual Studio 2015
Project("{FAE04EC0-301F-11D3-BF4B-00C04F79EFBC}") = "Chapter06_Tutorial.CSharp", "Chapter06_Tutorial.CSharp.csproj", "{3A9EE112-A6F8-9599-5F9D-47395B735BAE}"
EndProject
Global
	GlobalSection(SolutionConfigurationPlatforms) = preSolution
		Debug|Any CPU = Debug|Any CPU
		Release|Any CPU = Release|Any CPU
	EndGlobalSection
	GlobalSection(ProjectConfigurationPlatforms) = postSolution
		{3A9EE112-A6F8-9599-5F9D-47395B735BAE}.Debug|Any CPU.ActiveCfg = Debug|Any CPU
		{3A9EE112-A6F8-9599-5F9D-47395B735BAE}.Debug|Any CPU.Build.0 = Debug|Any CPU
		{3A9EE112-A6F8-9599-5F9D-47395B735BAE}.Release|Any CPU.ActiveCfg = Release|Any CPU
		{3A9EE112-A6F8-9599-5F9D-47395B735BAE}.Release|Any CPU.Build.0 = Release|Any CPU
	EndGlobalSection
	GlobalSection(SolutionProperties) = preSolution
		HideSolutionNode = FALSE
	EndGlobalSection
EndGlobal
