
Microsoft Visual Studio Solution File, Format Version 12.00
# Visual Studio 2015
Project("{FAE04EC0-301F-11D3-BF4B-00C04F79EFBC}") = "Chapter06_InterpretationTask.CSharp", "Chapter06_InterpretationTask.CSharp.csproj", "{326F052B-7C7D-5A3C-C882-7BC27D031456}"
EndProject
Global
	GlobalSection(SolutionConfigurationPlatforms) = preSolution
		Debug|Any CPU = Debug|Any CPU
		Release|Any CPU = Release|Any CPU
	EndGlobalSection
	GlobalSection(ProjectConfigurationPlatforms) = postSolution
		{326F052B-7C7D-5A3C-C882-7BC27D031456}.Debug|Any CPU.ActiveCfg = Debug|Any CPU
		{326F052B-7C7D-5A3C-C882-7BC27D031456}.Debug|Any CPU.Build.0 = Debug|Any CPU
		{326F052B-7C7D-5A3C-C882-7BC27D031456}.Release|Any CPU.ActiveCfg = Release|Any CPU
		{326F052B-7C7D-5A3C-C882-7BC27D031456}.Release|Any CPU.Build.0 = Release|Any CPU
	EndGlobalSection
	GlobalSection(SolutionProperties) = preSolution
		HideSolutionNode = FALSE
	EndGlobalSection
EndGlobal
